
Microsoft Visual Studio Solution File, Format Version 12.00
# Visual Studio Version 16
VisualStudioVersion = 16.0.29613.14
MinimumVisualStudioVersion = 10.0.40219.1
Project("{FAE04EC0-301F-11D3-BF4B-00C04F79EFBC}") = "pr17_2.1_Лихачев", "pr17_2.1_Лихачев.csproj", "{481DB558-F4DF-4F4A-9D79-2ABC7B47D4F5}"
EndProject
Project("{FAE04EC0-301F-11D3-BF4B-00C04F79EFBC}") = "pr17_2.3_Лихачев", "..\pr17_2.3_Лихачев\pr17_2.3_Лихачев.csproj", "{9BADF4FE-3D7D-4DAF-9AC6-E798BE6CC019}"
EndProject
Project("{FAE04EC0-301F-11D3-BF4B-00C04F79EFBC}") = "pr17_Ср1_Лихачев", "..\pr17_Ср1_Лихачев\pr17_Ср1_Лихачев.csproj", "{3CE50003-A719-4433-897B-6A71BEE41350}"
EndProject
Project("{FAE04EC0-301F-11D3-BF4B-00C04F79EFBC}") = "pr17_2.2_Лихачев", "..\pr17_2.2_Лихачев\pr17_2.2_Лихачев.csproj", "{439F29A9-B344-43AA-9915-5839DDC1B97A}"
EndProject
Project("{FAE04EC0-301F-11D3-BF4B-00C04F79EFBC}") = "pr17_Ср2_Лихачев", "..\pr17_Ср2_Лихачев\pr17_Ср2_Лихачев.csproj", "{EC0A01B3-41E7-4F38-9BD9-B32FE4C36018}"
EndProject
Global
	GlobalSection(SolutionConfigurationPlatforms) = preSolution
		Debug|Any CPU = Debug|Any CPU
		Release|Any CPU = Release|Any CPU
	EndGlobalSection
	GlobalSection(ProjectConfigurationPlatforms) = postSolution
		{481DB558-F4DF-4F4A-9D79-2ABC7B47D4F5}.Debug|Any CPU.ActiveCfg = Debug|Any CPU
		{481DB558-F4DF-4F4A-9D79-2ABC7B47D4F5}.Debug|Any CPU.Build.0 = Debug|Any CPU
		{481DB558-F4DF-4F4A-9D79-2ABC7B47D4F5}.Release|Any CPU.ActiveCfg = Release|Any CPU
		{481DB558-F4DF-4F4A-9D79-2ABC7B47D4F5}.Release|Any CPU.Build.0 = Release|Any CPU
		{9BADF4FE-3D7D-4DAF-9AC6-E798BE6CC019}.Debug|Any CPU.ActiveCfg = Debug|Any CPU
		{9BADF4FE-3D7D-4DAF-9AC6-E798BE6CC019}.Debug|Any CPU.Build.0 = Debug|Any CPU
		{9BADF4FE-3D7D-4DAF-9AC6-E798BE6CC019}.Release|Any CPU.ActiveCfg = Release|Any CPU
		{9BADF4FE-3D7D-4DAF-9AC6-E798BE6CC019}.Release|Any CPU.Build.0 = Release|Any CPU
		{3CE50003-A719-4433-897B-6A71BEE41350}.Debug|Any CPU.ActiveCfg = Debug|Any CPU
		{3CE50003-A719-4433-897B-6A71BEE41350}.Debug|Any CPU.Build.0 = Debug|Any CPU
		{3CE50003-A719-4433-897B-6A71BEE41350}.Release|Any CPU.ActiveCfg = Release|Any CPU
		{3CE50003-A719-4433-897B-6A71BEE41350}.Release|Any CPU.Build.0 = Release|Any CPU
		{439F29A9-B344-43AA-9915-5839DDC1B97A}.Debug|Any CPU.ActiveCfg = Debug|Any CPU
		{439F29A9-B344-43AA-9915-5839DDC1B97A}.Debug|Any CPU.Build.0 = Debug|Any CPU
		{439F29A9-B344-43AA-9915-5839DDC1B97A}.Release|Any CPU.ActiveCfg = Release|Any CPU
		{439F29A9-B344-43AA-9915-5839DDC1B97A}.Release|Any CPU.Build.0 = Release|Any CPU
		{EC0A01B3-41E7-4F38-9BD9-B32FE4C36018}.Debug|Any CPU.ActiveCfg = Debug|Any CPU
		{EC0A01B3-41E7-4F38-9BD9-B32FE4C36018}.Debug|Any CPU.Build.0 = Debug|Any CPU
		{EC0A01B3-41E7-4F38-9BD9-B32FE4C36018}.Release|Any CPU.ActiveCfg = Release|Any CPU
		{EC0A01B3-41E7-4F38-9BD9-B32FE4C36018}.Release|Any CPU.Build.0 = Release|Any CPU
	EndGlobalSection
	GlobalSection(SolutionProperties) = preSolution
		HideSolutionNode = FALSE
	EndGlobalSection
	GlobalSection(ExtensibilityGlobals) = postSolution
		SolutionGuid = {F5EC1583-048F-4A01-9038-80ACA35E1D1D}
	EndGlobalSection
EndGlobal
