
Microsoft Visual Studio Solution File, Format Version 12.00
# Visual Studio Version 16
VisualStudioVersion = 16.0.29613.14
MinimumVisualStudioVersion = 10.0.40219.1
Project("{FAE04EC0-301F-11D3-BF4B-00C04F79EFBC}") = "Пр24,25_Лихачев_Мирошниченко", "Пр24,25_Лихачев_Мирошниченко.csproj", "{08B16B75-AC31-46A3-8AF5-4D2C5E21AD09}"
EndProject
Global
	GlobalSection(SolutionConfigurationPlatforms) = preSolution
		Debug|Any CPU = Debug|Any CPU
		Release|Any CPU = Release|Any CPU
	EndGlobalSection
	GlobalSection(ProjectConfigurationPlatforms) = postSolution
		{08B16B75-AC31-46A3-8AF5-4D2C5E21AD09}.Debug|Any CPU.ActiveCfg = Debug|Any CPU
		{08B16B75-AC31-46A3-8AF5-4D2C5E21AD09}.Debug|Any CPU.Build.0 = Debug|Any CPU
		{08B16B75-AC31-46A3-8AF5-4D2C5E21AD09}.Release|Any CPU.ActiveCfg = Release|Any CPU
		{08B16B75-AC31-46A3-8AF5-4D2C5E21AD09}.Release|Any CPU.Build.0 = Release|Any CPU
	EndGlobalSection
	GlobalSection(SolutionProperties) = preSolution
		HideSolutionNode = FALSE
	EndGlobalSection
	GlobalSection(ExtensibilityGlobals) = postSolution
		SolutionGuid = {596E5A70-018C-4E05-BE8A-F7A9214D2C98}
	EndGlobalSection
EndGlobal
